Microsoft Visual Studio Solution File, Format Version 12.00
# Visual Studio Version 17
VisualStudioVersion = 17.7.34031.279
MinimumVisualStudioVersion = 10.0.40219.1
Project("{8BC9CEB8-8B4A-11D0-8D11-00A0C91BC942}") = "JoyRumble.Native", "JoyRumble.Native\JoyRumble.Native.vcxproj", "{A24376CE-188C-45BD-B3D7-16BA09B2C1F2}"
EndProject
Project("{9A19103F-16F7-4668-BE54-9A1E7A4F7556}") = "JoyRumble.NET", "JoyRamble.Net\JoyRumble.NET.csproj", "{D2AFB152-FE48-45D6-9F49-AFF1D2DD6D42}"
	ProjectSection(ProjectDependencies) = postProject
		{A24376CE-188C-45BD-B3D7-16BA09B2C1F2} = {A24376CE-188C-45BD-B3D7-16BA09B2C1F2}
	EndProjectSection
EndProject
Project("{9A19103F-16F7-4668-BE54-9A1E7A4F7556}") = "JoyRumble.NET.App", "JoyRumble.NET.App\JoyRumble.NET.App.csproj", "{7E4767F5-7338-463A-A2E5-9EEE1C02FFD9}"
EndProject
Global
	GlobalSection(SolutionConfigurationPlatforms) = preSolution
		LinuxDebug|ARM = LinuxDebug|ARM
		LinuxDebug|ARM64 = LinuxDebug|ARM64
		LinuxRelease|ARM = LinuxRelease|ARM
		LinuxRelease|ARM64 = LinuxRelease|ARM64
		VisualStudioDebug|ARM = VisualStudioDebug|ARM
		VisualStudioDebug|ARM64 = VisualStudioDebug|ARM64
		VisualStudioRelease|ARM = VisualStudioRelease|ARM
		VisualStudioRelease|ARM64 = VisualStudioRelease|ARM64
	EndGlobalSection
	GlobalSection(ProjectConfigurationPlatforms) = postSolution
		{A24376CE-188C-45BD-B3D7-16BA09B2C1F2}.LinuxDebug|ARM.ActiveCfg = LinuxDebug|ARM
		{A24376CE-188C-45BD-B3D7-16BA09B2C1F2}.LinuxDebug|ARM.Build.0 = LinuxDebug|ARM
		{A24376CE-188C-45BD-B3D7-16BA09B2C1F2}.LinuxDebug|ARM.Deploy.0 = LinuxDebug|ARM
		{A24376CE-188C-45BD-B3D7-16BA09B2C1F2}.LinuxDebug|ARM64.ActiveCfg = LinuxDebug|ARM64
		{A24376CE-188C-45BD-B3D7-16BA09B2C1F2}.LinuxDebug|ARM64.Build.0 = LinuxDebug|ARM64
		{A24376CE-188C-45BD-B3D7-16BA09B2C1F2}.LinuxDebug|ARM64.Deploy.0 = LinuxDebug|ARM64
		{A24376CE-188C-45BD-B3D7-16BA09B2C1F2}.LinuxRelease|ARM.ActiveCfg = LinuxRelease|ARM
		{A24376CE-188C-45BD-B3D7-16BA09B2C1F2}.LinuxRelease|ARM.Build.0 = LinuxRelease|ARM
		{A24376CE-188C-45BD-B3D7-16BA09B2C1F2}.LinuxRelease|ARM.Deploy.0 = LinuxRelease|ARM
		{A24376CE-188C-45BD-B3D7-16BA09B2C1F2}.LinuxRelease|ARM64.ActiveCfg = LinuxRelease|ARM64
		{A24376CE-188C-45BD-B3D7-16BA09B2C1F2}.LinuxRelease|ARM64.Build.0 = LinuxRelease|ARM64
		{A24376CE-188C-45BD-B3D7-16BA09B2C1F2}.LinuxRelease|ARM64.Deploy.0 = LinuxRelease|ARM64
		{A24376CE-188C-45BD-B3D7-16BA09B2C1F2}.VisualStudioDebug|ARM.ActiveCfg = VisualStudioDebug|ARM
		{A24376CE-188C-45BD-B3D7-16BA09B2C1F2}.VisualStudioDebug|ARM.Build.0 = VisualStudioDebug|ARM
		{A24376CE-188C-45BD-B3D7-16BA09B2C1F2}.VisualStudioDebug|ARM.Deploy.0 = VisualStudioDebug|ARM
		{A24376CE-188C-45BD-B3D7-16BA09B2C1F2}.VisualStudioDebug|ARM64.ActiveCfg = VisualStudioDebug|ARM64
		{A24376CE-188C-45BD-B3D7-16BA09B2C1F2}.VisualStudioDebug|ARM64.Build.0 = VisualStudioDebug|ARM64
		{A24376CE-188C-45BD-B3D7-16BA09B2C1F2}.VisualStudioDebug|ARM64.Deploy.0 = VisualStudioDebug|ARM64
		{A24376CE-188C-45BD-B3D7-16BA09B2C1F2}.VisualStudioRelease|ARM.ActiveCfg = VisualStudioRelease|ARM
		{A24376CE-188C-45BD-B3D7-16BA09B2C1F2}.VisualStudioRelease|ARM.Build.0 = VisualStudioRelease|ARM
		{A24376CE-188C-45BD-B3D7-16BA09B2C1F2}.VisualStudioRelease|ARM.Deploy.0 = VisualStudioRelease|ARM
		{A24376CE-188C-45BD-B3D7-16BA09B2C1F2}.VisualStudioRelease|ARM64.ActiveCfg = VisualStudioRelease|ARM64
		{A24376CE-188C-45BD-B3D7-16BA09B2C1F2}.VisualStudioRelease|ARM64.Build.0 = VisualStudioRelease|ARM64
		{A24376CE-188C-45BD-B3D7-16BA09B2C1F2}.VisualStudioRelease|ARM64.Deploy.0 = VisualStudioRelease|ARM64
		{D2AFB152-FE48-45D6-9F49-AFF1D2DD6D42}.LinuxDebug|ARM.ActiveCfg = LinuxDebug|Any CPU
		{D2AFB152-FE48-45D6-9F49-AFF1D2DD6D42}.LinuxDebug|ARM.Build.0 = LinuxDebug|Any CPU
		{D2AFB152-FE48-45D6-9F49-AFF1D2DD6D42}.LinuxDebug|ARM64.ActiveCfg = LinuxDebug|Any CPU
		{D2AFB152-FE48-45D6-9F49-AFF1D2DD6D42}.LinuxDebug|ARM64.Build.0 = LinuxDebug|Any CPU
		{D2AFB152-FE48-45D6-9F49-AFF1D2DD6D42}.LinuxRelease|ARM.ActiveCfg = LinuxRelease|Any CPU
		{D2AFB152-FE48-45D6-9F49-AFF1D2DD6D42}.LinuxRelease|ARM.Build.0 = LinuxRelease|Any CPU
		{D2AFB152-FE48-45D6-9F49-AFF1D2DD6D42}.LinuxRelease|ARM64.ActiveCfg = LinuxRelease|Any CPU
		{D2AFB152-FE48-45D6-9F49-AFF1D2DD6D42}.LinuxRelease|ARM64.Build.0 = LinuxRelease|Any CPU
		{D2AFB152-FE48-45D6-9F49-AFF1D2DD6D42}.VisualStudioDebug|ARM.ActiveCfg = VisualStudioDebug|Any CPU
		{D2AFB152-FE48-45D6-9F49-AFF1D2DD6D42}.VisualStudioDebug|ARM.Build.0 = VisualStudioDebug|Any CPU
		{D2AFB152-FE48-45D6-9F49-AFF1D2DD6D42}.VisualStudioDebug|ARM64.ActiveCfg = VisualStudioDebug|Any CPU
		{D2AFB152-FE48-45D6-9F49-AFF1D2DD6D42}.VisualStudioDebug|ARM64.Build.0 = VisualStudioDebug|Any CPU
		{D2AFB152-FE48-45D6-9F49-AFF1D2DD6D42}.VisualStudioRelease|ARM.ActiveCfg = VisualStudioRelease|Any CPU
		{D2AFB152-FE48-45D6-9F49-AFF1D2DD6D42}.VisualStudioRelease|ARM.Build.0 = VisualStudioRelease|Any CPU
		{D2AFB152-FE48-45D6-9F49-AFF1D2DD6D42}.VisualStudioRelease|ARM64.ActiveCfg = VisualStudioRelease|Any CPU
		{D2AFB152-FE48-45D6-9F49-AFF1D2DD6D42}.VisualStudioRelease|ARM64.Build.0 = VisualStudioRelease|Any CPU
		{7E4767F5-7338-463A-A2E5-9EEE1C02FFD9}.LinuxDebug|ARM.ActiveCfg = LinuxDebug|Any CPU
		{7E4767F5-7338-463A-A2E5-9EEE1C02FFD9}.LinuxDebug|ARM.Build.0 = LinuxDebug|Any CPU
		{7E4767F5-7338-463A-A2E5-9EEE1C02FFD9}.LinuxDebug|ARM64.ActiveCfg = LinuxDebug|Any CPU
		{7E4767F5-7338-463A-A2E5-9EEE1C02FFD9}.LinuxDebug|ARM64.Build.0 = LinuxDebug|Any CPU
		{7E4767F5-7338-463A-A2E5-9EEE1C02FFD9}.LinuxRelease|ARM.ActiveCfg = LinuxRelease|Any CPU
		{7E4767F5-7338-463A-A2E5-9EEE1C02FFD9}.LinuxRelease|ARM.Build.0 = LinuxRelease|Any CPU
		{7E4767F5-7338-463A-A2E5-9EEE1C02FFD9}.LinuxRelease|ARM64.ActiveCfg = LinuxRelease|Any CPU
		{7E4767F5-7338-463A-A2E5-9EEE1C02FFD9}.LinuxRelease|ARM64.Build.0 = LinuxRelease|Any CPU
		{7E4767F5-7338-463A-A2E5-9EEE1C02FFD9}.VisualStudioDebug|ARM.ActiveCfg = VisualStudioDebug|Any CPU
		{7E4767F5-7338-463A-A2E5-9EEE1C02FFD9}.VisualStudioDebug|ARM.Build.0 = VisualStudioDebug|Any CPU
		{7E4767F5-7338-463A-A2E5-9EEE1C02FFD9}.VisualStudioDebug|ARM64.ActiveCfg = VisualStudioDebug|Any CPU
		{7E4767F5-7338-463A-A2E5-9EEE1C02FFD9}.VisualStudioDebug|ARM64.Build.0 = VisualStudioDebug|Any CPU
		{7E4767F5-7338-463A-A2E5-9EEE1C02FFD9}.VisualStudioRelease|ARM.ActiveCfg = VisualStudioRelease|Any CPU
		{7E4767F5-7338-463A-A2E5-9EEE1C02FFD9}.VisualStudioRelease|ARM.Build.0 = VisualStudioRelease|Any CPU
		{7E4767F5-7338-463A-A2E5-9EEE1C02FFD9}.VisualStudioRelease|ARM64.ActiveCfg = VisualStudioRelease|Any CPU
		{7E4767F5-7338-463A-A2E5-9EEE1C02FFD9}.VisualStudioRelease|ARM64.Build.0 = VisualStudioRelease|Any CPU
	EndGlobalSection
	GlobalSection(SolutionProperties) = preSolution
		HideSolutionNode = FALSE
	EndGlobalSection
	GlobalSection(ExtensibilityGlobals) = postSolution
		SolutionGuid = {15422C7F-55AD-4724-8C8E-D8C9EA30BD29}
	EndGlobalSection
EndGlobal
